
Microsoft Visual Studio Solution File, Format Version 12.00
# Visual Studio Version 17
VisualStudioVersion = 17.4.33122.133
MinimumVisualStudioVersion = 10.0.40219.1
Project("{FAE04EC0-301F-11D3-BF4B-00C04F79EFBC}") = "OSDesign", "OSDesign\OSDesign.csproj", "{EAF8CE73-C758-45FB-817D-60BF53DB84AD}"
EndProject
Global
	GlobalSection(SolutionConfigurationPlatforms) = preSolution
		Debug|Any CPU = Debug|Any CPU
		Release|Any CPU = Release|Any CPU
	EndGlobalSection
	GlobalSection(ProjectConfigurationPlatforms) = postSolution
		{EAF8CE73-C758-45FB-817D-60BF53DB84AD}.Debug|Any CPU.ActiveCfg = Debug|Any CPU
		{EAF8CE73-C758-45FB-817D-60BF53DB84AD}.Debug|Any CPU.Build.0 = Debug|Any CPU
		{EAF8CE73-C758-45FB-817D-60BF53DB84AD}.Release|Any CPU.ActiveCfg = Release|Any CPU
		{EAF8CE73-C758-45FB-817D-60BF53DB84AD}.Release|Any CPU.Build.0 = Release|Any CPU
	EndGlobalSection
	GlobalSection(SolutionProperties) = preSolution
		HideSolutionNode = FALSE
	EndGlobalSection
	GlobalSection(ExtensibilityGlobals) = postSolution
		SolutionGuid = {3ADBF7CF-DE73-4326-BF48-208CE71BADDC}
	EndGlobalSection
EndGlobal
